
Microsoft Visual Studio Solution File, Format Version 12.00
# Visual Studio 2013
VisualStudioVersion = 12.0.21005.1
MinimumVisualStudioVersion = 10.0.40219.1
Project("{8BC9CEB8-8B4A-11D0-8D11-00A0C91BC942}") = "AndroidManager", "Source\ClientControl\AndroidManager\AndroidManager.vcxproj", "{3E5290EE-EC1B-4591-BB6F-B453BB65F471}"
	ProjectSection(ProjectDependencies) = postProject
		{0BE2D431-5142-4D38-AAFC-03FA7056736A} = {0BE2D431-5142-4D38-AAFC-03FA7056736A}
		{3AD0BE38-9322-4DBA-9A93-CD431C5A4031} = {3AD0BE38-9322-4DBA-9A93-CD431C5A4031}
		{C1850042-BA9F-4A3E-80E5-9D97D6B090F5} = {C1850042-BA9F-4A3E-80E5-9D97D6B090F5}
		{295C6856-53E5-4286-980E-715787159547} = {295C6856-53E5-4286-980E-715787159547}
		{76171C5F-01A0-4BE3-85FF-C49659D75DB1} = {76171C5F-01A0-4BE3-85FF-C49659D75DB1}
		{BE5DF37E-24B7-4343-9519-E793597C4F90} = {BE5DF37E-24B7-4343-9519-E793597C4F90}
		{7F1B7F7F-F3CF-48B5-8576-A8DE5F644DFB} = {7F1B7F7F-F3CF-48B5-8576-A8DE5F644DFB}
		{E6D69E80-4C48-47C3-9E9A-E553DA74CEAB} = {E6D69E80-4C48-47C3-9E9A-E553DA74CEAB}
		{21DBD9A5-EAE9-4F0E-86E5-46DF8B9370F6} = {21DBD9A5-EAE9-4F0E-86E5-46DF8B9370F6}
		{B4766ADF-5AA6-4ADF-9354-4F889FFF028E} = {B4766ADF-5AA6-4ADF-9354-4F889FFF028E}
		{0E5930E3-ABE8-4494-B99E-38E8F5CA31C6} = {0E5930E3-ABE8-4494-B99E-38E8F5CA31C6}
		{60710DEB-8538-4CB6-8ABA-3A143E451C21} = {60710DEB-8538-4CB6-8ABA-3A143E451C21}
	EndProjectSection
EndProject
Project("{8BC9CEB8-8B4A-11D0-8D11-00A0C91BC942}") = "AvatarControl", "Source\ClientControl\AvatarControl\AvatarControl.vcxproj", "{3AD0BE38-9322-4DBA-9A93-CD431C5A4031}"
	ProjectSection(ProjectDependencies) = postProject
		{C1850042-BA9F-4A3E-80E5-9D97D6B090F5} = {C1850042-BA9F-4A3E-80E5-9D97D6B090F5}
		{295C6856-53E5-4286-980E-715787159547} = {295C6856-53E5-4286-980E-715787159547}
		{7F1B7F7F-F3CF-48B5-8576-A8DE5F644DFB} = {7F1B7F7F-F3CF-48B5-8576-A8DE5F644DFB}
		{E6D69E80-4C48-47C3-9E9A-E553DA74CEAB} = {E6D69E80-4C48-47C3-9E9A-E553DA74CEAB}
		{21DBD9A5-EAE9-4F0E-86E5-46DF8B9370F6} = {21DBD9A5-EAE9-4F0E-86E5-46DF8B9370F6}
		{60710DEB-8538-4CB6-8ABA-3A143E451C21} = {60710DEB-8538-4CB6-8ABA-3A143E451C21}
	EndProjectSection
EndProject
Project("{8BC9CEB8-8B4A-11D0-8D11-00A0C91BC942}") = "DownLoad", "Source\ClientControl\DownLoad\DownLoad.vcxproj", "{E6D69E80-4C48-47C3-9E9A-E553DA74CEAB}"
	ProjectSection(ProjectDependencies) = postProject
		{0FE0AC9B-0328-4BDC-A59E-D8F2FCE222F2} = {0FE0AC9B-0328-4BDC-A59E-D8F2FCE222F2}
	EndProjectSection
EndProject
Project("{8BC9CEB8-8B4A-11D0-8D11-00A0C91BC942}") = "FGuimfcFactory", "Source\ClientControl\FGuimfcFactory\FGuimfcFactory.vcxproj", "{7F1B7F7F-F3CF-48B5-8576-A8DE5F644DFB}"
EndProject
Project("{8BC9CEB8-8B4A-11D0-8D11-00A0C91BC942}") = "GameFrame", "Source\ClientControl\GameFrame\GameFrame.vcxproj", "{B26DECCE-1A7A-4C02-87B3-7D0A5333C71D}"
	ProjectSection(ProjectDependencies) = postProject
		{6FDDAF09-4912-4D2C-B6B1-63C9B11EA659} = {6FDDAF09-4912-4D2C-B6B1-63C9B11EA659}
		{0BE2D431-5142-4D38-AAFC-03FA7056736A} = {0BE2D431-5142-4D38-AAFC-03FA7056736A}
		{3AD0BE38-9322-4DBA-9A93-CD431C5A4031} = {3AD0BE38-9322-4DBA-9A93-CD431C5A4031}
		{C1850042-BA9F-4A3E-80E5-9D97D6B090F5} = {C1850042-BA9F-4A3E-80E5-9D97D6B090F5}
		{295C6856-53E5-4286-980E-715787159547} = {295C6856-53E5-4286-980E-715787159547}
		{BE5DF37E-24B7-4343-9519-E793597C4F90} = {BE5DF37E-24B7-4343-9519-E793597C4F90}
		{7F1B7F7F-F3CF-48B5-8576-A8DE5F644DFB} = {7F1B7F7F-F3CF-48B5-8576-A8DE5F644DFB}
		{21DBD9A5-EAE9-4F0E-86E5-46DF8B9370F6} = {21DBD9A5-EAE9-4F0E-86E5-46DF8B9370F6}
		{60710DEB-8538-4CB6-8ABA-3A143E451C21} = {60710DEB-8538-4CB6-8ABA-3A143E451C21}
	EndProjectSection
EndProject
Project("{8BC9CEB8-8B4A-11D0-8D11-00A0C91BC942}") = "GamePlaza", "Source\ClientControl\GamePlaza\GamePlaza.vcxproj", "{81A326BB-5E42-4DC8-8813-15EC1BF86036}"
	ProjectSection(ProjectDependencies) = postProject
		{0BE2D431-5142-4D38-AAFC-03FA7056736A} = {0BE2D431-5142-4D38-AAFC-03FA7056736A}
		{3AD0BE38-9322-4DBA-9A93-CD431C5A4031} = {3AD0BE38-9322-4DBA-9A93-CD431C5A4031}
		{C1850042-BA9F-4A3E-80E5-9D97D6B090F5} = {C1850042-BA9F-4A3E-80E5-9D97D6B090F5}
		{295C6856-53E5-4286-980E-715787159547} = {295C6856-53E5-4286-980E-715787159547}
		{76171C5F-01A0-4BE3-85FF-C49659D75DB1} = {76171C5F-01A0-4BE3-85FF-C49659D75DB1}
		{BE5DF37E-24B7-4343-9519-E793597C4F90} = {BE5DF37E-24B7-4343-9519-E793597C4F90}
		{7F1B7F7F-F3CF-48B5-8576-A8DE5F644DFB} = {7F1B7F7F-F3CF-48B5-8576-A8DE5F644DFB}
		{E6D69E80-4C48-47C3-9E9A-E553DA74CEAB} = {E6D69E80-4C48-47C3-9E9A-E553DA74CEAB}
		{21DBD9A5-EAE9-4F0E-86E5-46DF8B9370F6} = {21DBD9A5-EAE9-4F0E-86E5-46DF8B9370F6}
		{B4766ADF-5AA6-4ADF-9354-4F889FFF028E} = {B4766ADF-5AA6-4ADF-9354-4F889FFF028E}
		{0E5930E3-ABE8-4494-B99E-38E8F5CA31C6} = {0E5930E3-ABE8-4494-B99E-38E8F5CA31C6}
		{60710DEB-8538-4CB6-8ABA-3A143E451C21} = {60710DEB-8538-4CB6-8ABA-3A143E451C21}
	EndProjectSection
EndProject
Project("{8BC9CEB8-8B4A-11D0-8D11-00A0C91BC942}") = "GameProperty", "Source\ClientControl\GameProperty\GameProperty.vcxproj", "{BE5DF37E-24B7-4343-9519-E793597C4F90}"
	ProjectSection(ProjectDependencies) = postProject
		{C1850042-BA9F-4A3E-80E5-9D97D6B090F5} = {C1850042-BA9F-4A3E-80E5-9D97D6B090F5}
		{295C6856-53E5-4286-980E-715787159547} = {295C6856-53E5-4286-980E-715787159547}
		{7F1B7F7F-F3CF-48B5-8576-A8DE5F644DFB} = {7F1B7F7F-F3CF-48B5-8576-A8DE5F644DFB}
		{21DBD9A5-EAE9-4F0E-86E5-46DF8B9370F6} = {21DBD9A5-EAE9-4F0E-86E5-46DF8B9370F6}
		{60710DEB-8538-4CB6-8ABA-3A143E451C21} = {60710DEB-8538-4CB6-8ABA-3A143E451C21}
	EndProjectSection
EndProject
Project("{8BC9CEB8-8B4A-11D0-8D11-00A0C91BC942}") = "PlatformData", "Source\ClientControl\PlatformData\PlatformData.vcxproj", "{0BE2D431-5142-4D38-AAFC-03FA7056736A}"
	ProjectSection(ProjectDependencies) = postProject
		{295C6856-53E5-4286-980E-715787159547} = {295C6856-53E5-4286-980E-715787159547}
		{60710DEB-8538-4CB6-8ABA-3A143E451C21} = {60710DEB-8538-4CB6-8ABA-3A143E451C21}
	EndProjectSection
EndProject
Project("{8BC9CEB8-8B4A-11D0-8D11-00A0C91BC942}") = "PlatformResource", "Source\ClientControl\PlatformResource\PlatformResource.vcxproj", "{0E5930E3-ABE8-4494-B99E-38E8F5CA31C6}"
EndProject
Project("{8BC9CEB8-8B4A-11D0-8D11-00A0C91BC942}") = "ShareControl", "Source\ClientControl\ShareControl\ShareControl.vcxproj", "{21DBD9A5-EAE9-4F0E-86E5-46DF8B9370F6}"
	ProjectSection(ProjectDependencies) = postProject
		{0BE2D431-5142-4D38-AAFC-03FA7056736A} = {0BE2D431-5142-4D38-AAFC-03FA7056736A}
		{C1850042-BA9F-4A3E-80E5-9D97D6B090F5} = {C1850042-BA9F-4A3E-80E5-9D97D6B090F5}
		{295C6856-53E5-4286-980E-715787159547} = {295C6856-53E5-4286-980E-715787159547}
		{7F1B7F7F-F3CF-48B5-8576-A8DE5F644DFB} = {7F1B7F7F-F3CF-48B5-8576-A8DE5F644DFB}
		{E6D69E80-4C48-47C3-9E9A-E553DA74CEAB} = {E6D69E80-4C48-47C3-9E9A-E553DA74CEAB}
		{60710DEB-8538-4CB6-8ABA-3A143E451C21} = {60710DEB-8538-4CB6-8ABA-3A143E451C21}
	EndProjectSection
EndProject
Project("{8BC9CEB8-8B4A-11D0-8D11-00A0C91BC942}") = "SkinControl", "Source\ClientControl\SkinControl\SkinControl.vcxproj", "{C1850042-BA9F-4A3E-80E5-9D97D6B090F5}"
	ProjectSection(ProjectDependencies) = postProject
		{295C6856-53E5-4286-980E-715787159547} = {295C6856-53E5-4286-980E-715787159547}
		{7F1B7F7F-F3CF-48B5-8576-A8DE5F644DFB} = {7F1B7F7F-F3CF-48B5-8576-A8DE5F644DFB}
		{60710DEB-8538-4CB6-8ABA-3A143E451C21} = {60710DEB-8538-4CB6-8ABA-3A143E451C21}
	EndProjectSection
EndProject
Project("{8BC9CEB8-8B4A-11D0-8D11-00A0C91BC942}") = "Update", "Source\ClientControl\Update\GameUpdate.vcxproj", "{3BF1FAA8-A109-42B3-9B83-C8E97510ADEB}"
EndProject
Project("{8BC9CEB8-8B4A-11D0-8D11-00A0C91BC942}") = "UserService", "Source\ClientControl\UserService\UserService.vcxproj", "{76171C5F-01A0-4BE3-85FF-C49659D75DB1}"
	ProjectSection(ProjectDependencies) = postProject
		{60710DEB-8538-4CB6-8ABA-3A143E451C21} = {60710DEB-8538-4CB6-8ABA-3A143E451C21}
	EndProjectSection
EndProject
Project("{8BC9CEB8-8B4A-11D0-8D11-00A0C91BC942}") = "VideoService", "Source\ClientControl\VideoService\VideoService.vcxproj", "{6FDDAF09-4912-4D2C-B6B1-63C9B11EA659}"
	ProjectSection(ProjectDependencies) = postProject
		{C1850042-BA9F-4A3E-80E5-9D97D6B090F5} = {C1850042-BA9F-4A3E-80E5-9D97D6B090F5}
		{295C6856-53E5-4286-980E-715787159547} = {295C6856-53E5-4286-980E-715787159547}
		{60710DEB-8538-4CB6-8ABA-3A143E451C21} = {60710DEB-8538-4CB6-8ABA-3A143E451C21}
	EndProjectSection
EndProject
Project("{8BC9CEB8-8B4A-11D0-8D11-00A0C91BC942}") = "WHImage", "Source\ClientControl\WHImage\WHImage.vcxproj", "{295C6856-53E5-4286-980E-715787159547}"
EndProject
Project("{8BC9CEB8-8B4A-11D0-8D11-00A0C91BC942}") = "WHSocket", "Source\ClientControl\WHSocket\WHSocket.vcxproj", "{0FE0AC9B-0328-4BDC-A59E-D8F2FCE222F2}"
EndProject
Project("{8BC9CEB8-8B4A-11D0-8D11-00A0C91BC942}") = "ProcessControl", "Source\SharedControl\ProcessControl\ProcessControl.vcxproj", "{B4766ADF-5AA6-4ADF-9354-4F889FFF028E}"
	ProjectSection(ProjectDependencies) = postProject
		{60710DEB-8538-4CB6-8ABA-3A143E451C21} = {60710DEB-8538-4CB6-8ABA-3A143E451C21}
	EndProjectSection
EndProject
Project("{8BC9CEB8-8B4A-11D0-8D11-00A0C91BC942}") = "ServiceCore", "Source\SharedControl\ServiceCore\ServiceCore.vcxproj", "{60710DEB-8538-4CB6-8ABA-3A143E451C21}"
EndProject
Global
	GlobalSection(SolutionConfigurationPlatforms) = preSolution
		Debug_Unicode|Win32 = Debug_Unicode|Win32
		Debug|Win32 = Debug|Win32
		Release_Manager|Win32 = Release_Manager|Win32
		Release_Unicode|Win32 = Release_Unicode|Win32
		Release|Win32 = Release|Win32
	EndGlobalSection
	GlobalSection(ProjectConfigurationPlatforms) = postSolution
		{3E5290EE-EC1B-4591-BB6F-B453BB65F471}.Debug_Unicode|Win32.ActiveCfg = Debug_Unicode|Win32
		{3E5290EE-EC1B-4591-BB6F-B453BB65F471}.Debug_Unicode|Win32.Build.0 = Debug_Unicode|Win32
		{3E5290EE-EC1B-4591-BB6F-B453BB65F471}.Debug|Win32.ActiveCfg = Debug|Win32
		{3E5290EE-EC1B-4591-BB6F-B453BB65F471}.Debug|Win32.Build.0 = Debug|Win32
		{3E5290EE-EC1B-4591-BB6F-B453BB65F471}.Release_Manager|Win32.ActiveCfg = Release_Unicode|Win32
		{3E5290EE-EC1B-4591-BB6F-B453BB65F471}.Release_Manager|Win32.Build.0 = Release_Unicode|Win32
		{3E5290EE-EC1B-4591-BB6F-B453BB65F471}.Release_Unicode|Win32.ActiveCfg = Release_Unicode|Win32
		{3E5290EE-EC1B-4591-BB6F-B453BB65F471}.Release_Unicode|Win32.Build.0 = Release_Unicode|Win32
		{3E5290EE-EC1B-4591-BB6F-B453BB65F471}.Release|Win32.ActiveCfg = Release|Win32
		{3E5290EE-EC1B-4591-BB6F-B453BB65F471}.Release|Win32.Build.0 = Release|Win32
		{3AD0BE38-9322-4DBA-9A93-CD431C5A4031}.Debug_Unicode|Win32.ActiveCfg = Debug_Unicode|Win32
		{3AD0BE38-9322-4DBA-9A93-CD431C5A4031}.Debug_Unicode|Win32.Build.0 = Debug_Unicode|Win32
		{3AD0BE38-9322-4DBA-9A93-CD431C5A4031}.Debug|Win32.ActiveCfg = Debug|Win32
		{3AD0BE38-9322-4DBA-9A93-CD431C5A4031}.Debug|Win32.Build.0 = Debug|Win32
		{3AD0BE38-9322-4DBA-9A93-CD431C5A4031}.Release_Manager|Win32.ActiveCfg = Release_Unicode|Win32
		{3AD0BE38-9322-4DBA-9A93-CD431C5A4031}.Release_Manager|Win32.Build.0 = Release_Unicode|Win32
		{3AD0BE38-9322-4DBA-9A93-CD431C5A4031}.Release_Unicode|Win32.ActiveCfg = Release_Unicode|Win32
		{3AD0BE38-9322-4DBA-9A93-CD431C5A4031}.Release_Unicode|Win32.Build.0 = Release_Unicode|Win32
		{3AD0BE38-9322-4DBA-9A93-CD431C5A4031}.Release|Win32.ActiveCfg = Release|Win32
		{3AD0BE38-9322-4DBA-9A93-CD431C5A4031}.Release|Win32.Build.0 = Release|Win32
		{E6D69E80-4C48-47C3-9E9A-E553DA74CEAB}.Debug_Unicode|Win32.ActiveCfg = Debug_Unicode|Win32
		{E6D69E80-4C48-47C3-9E9A-E553DA74CEAB}.Debug_Unicode|Win32.Build.0 = Debug_Unicode|Win32
		{E6D69E80-4C48-47C3-9E9A-E553DA74CEAB}.Debug|Win32.ActiveCfg = Debug|Win32
		{E6D69E80-4C48-47C3-9E9A-E553DA74CEAB}.Debug|Win32.Build.0 = Debug|Win32
		{E6D69E80-4C48-47C3-9E9A-E553DA74CEAB}.Release_Manager|Win32.ActiveCfg = Release_Unicode|Win32
		{E6D69E80-4C48-47C3-9E9A-E553DA74CEAB}.Release_Manager|Win32.Build.0 = Release_Unicode|Win32
		{E6D69E80-4C48-47C3-9E9A-E553DA74CEAB}.Release_Unicode|Win32.ActiveCfg = Release_Unicode|Win32
		{E6D69E80-4C48-47C3-9E9A-E553DA74CEAB}.Release_Unicode|Win32.Build.0 = Release_Unicode|Win32
		{E6D69E80-4C48-47C3-9E9A-E553DA74CEAB}.Release|Win32.ActiveCfg = Release|Win32
		{E6D69E80-4C48-47C3-9E9A-E553DA74CEAB}.Release|Win32.Build.0 = Release|Win32
		{7F1B7F7F-F3CF-48B5-8576-A8DE5F644DFB}.Debug_Unicode|Win32.ActiveCfg = Debug_Unicode|Win32
		{7F1B7F7F-F3CF-48B5-8576-A8DE5F644DFB}.Debug_Unicode|Win32.Build.0 = Debug_Unicode|Win32
		{7F1B7F7F-F3CF-48B5-8576-A8DE5F644DFB}.Debug|Win32.ActiveCfg = Debug|Win32
		{7F1B7F7F-F3CF-48B5-8576-A8DE5F644DFB}.Debug|Win32.Build.0 = Debug|Win32
		{7F1B7F7F-F3CF-48B5-8576-A8DE5F644DFB}.Release_Manager|Win32.ActiveCfg = Release_Unicode|Win32
		{7F1B7F7F-F3CF-48B5-8576-A8DE5F644DFB}.Release_Manager|Win32.Build.0 = Release_Unicode|Win32
		{7F1B7F7F-F3CF-48B5-8576-A8DE5F644DFB}.Release_Unicode|Win32.ActiveCfg = Release_Unicode|Win32
		{7F1B7F7F-F3CF-48B5-8576-A8DE5F644DFB}.Release_Unicode|Win32.Build.0 = Release_Unicode|Win32
		{7F1B7F7F-F3CF-48B5-8576-A8DE5F644DFB}.Release|Win32.ActiveCfg = Release|Win32
		{7F1B7F7F-F3CF-48B5-8576-A8DE5F644DFB}.Release|Win32.Build.0 = Release|Win32
		{B26DECCE-1A7A-4C02-87B3-7D0A5333C71D}.Debug_Unicode|Win32.ActiveCfg = Debug_Unicode|Win32
		{B26DECCE-1A7A-4C02-87B3-7D0A5333C71D}.Debug_Unicode|Win32.Build.0 = Debug_Unicode|Win32
		{B26DECCE-1A7A-4C02-87B3-7D0A5333C71D}.Debug|Win32.ActiveCfg = Debug|Win32
		{B26DECCE-1A7A-4C02-87B3-7D0A5333C71D}.Debug|Win32.Build.0 = Debug|Win32
		{B26DECCE-1A7A-4C02-87B3-7D0A5333C71D}.Release_Manager|Win32.ActiveCfg = Release_Unicode|Win32
		{B26DECCE-1A7A-4C02-87B3-7D0A5333C71D}.Release_Manager|Win32.Build.0 = Release_Unicode|Win32
		{B26DECCE-1A7A-4C02-87B3-7D0A5333C71D}.Release_Unicode|Win32.ActiveCfg = Release_Unicode|Win32
		{B26DECCE-1A7A-4C02-87B3-7D0A5333C71D}.Release_Unicode|Win32.Build.0 = Release_Unicode|Win32
		{B26DECCE-1A7A-4C02-87B3-7D0A5333C71D}.Release|Win32.ActiveCfg = Release|Win32
		{B26DECCE-1A7A-4C02-87B3-7D0A5333C71D}.Release|Win32.Build.0 = Release|Win32
		{81A326BB-5E42-4DC8-8813-15EC1BF86036}.Debug_Unicode|Win32.ActiveCfg = Debug_Unicode|Win32
		{81A326BB-5E42-4DC8-8813-15EC1BF86036}.Debug_Unicode|Win32.Build.0 = Debug_Unicode|Win32
		{81A326BB-5E42-4DC8-8813-15EC1BF86036}.Debug|Win32.ActiveCfg = Debug|Win32
		{81A326BB-5E42-4DC8-8813-15EC1BF86036}.Debug|Win32.Build.0 = Debug|Win32
		{81A326BB-5E42-4DC8-8813-15EC1BF86036}.Release_Manager|Win32.ActiveCfg = Release_Unicode|Win32
		{81A326BB-5E42-4DC8-8813-15EC1BF86036}.Release_Manager|Win32.Build.0 = Release_Unicode|Win32
		{81A326BB-5E42-4DC8-8813-15EC1BF86036}.Release_Unicode|Win32.ActiveCfg = Release_Unicode|Win32
		{81A326BB-5E42-4DC8-8813-15EC1BF86036}.Release_Unicode|Win32.Build.0 = Release_Unicode|Win32
		{81A326BB-5E42-4DC8-8813-15EC1BF86036}.Release|Win32.ActiveCfg = Release|Win32
		{81A326BB-5E42-4DC8-8813-15EC1BF86036}.Release|Win32.Build.0 = Release|Win32
		{BE5DF37E-24B7-4343-9519-E793597C4F90}.Debug_Unicode|Win32.ActiveCfg = Debug_Unicode|Win32
		{BE5DF37E-24B7-4343-9519-E793597C4F90}.Debug_Unicode|Win32.Build.0 = Debug_Unicode|Win32
		{BE5DF37E-24B7-4343-9519-E793597C4F90}.Debug|Win32.ActiveCfg = Debug|Win32
		{BE5DF37E-24B7-4343-9519-E793597C4F90}.Debug|Win32.Build.0 = Debug|Win32
		{BE5DF37E-24B7-4343-9519-E793597C4F90}.Release_Manager|Win32.ActiveCfg = Release_Unicode|Win32
		{BE5DF37E-24B7-4343-9519-E793597C4F90}.Release_Manager|Win32.Build.0 = Release_Unicode|Win32
		{BE5DF37E-24B7-4343-9519-E793597C4F90}.Release_Unicode|Win32.ActiveCfg = Release_Unicode|Win32
		{BE5DF37E-24B7-4343-9519-E793597C4F90}.Release_Unicode|Win32.Build.0 = Release_Unicode|Win32
		{BE5DF37E-24B7-4343-9519-E793597C4F90}.Release|Win32.ActiveCfg = Release|Win32
		{BE5DF37E-24B7-4343-9519-E793597C4F90}.Release|Win32.Build.0 = Release|Win32
		{0BE2D431-5142-4D38-AAFC-03FA7056736A}.Debug_Unicode|Win32.ActiveCfg = Debug_Unicode|Win32
		{0BE2D431-5142-4D38-AAFC-03FA7056736A}.Debug_Unicode|Win32.Build.0 = Debug_Unicode|Win32
		{0BE2D431-5142-4D38-AAFC-03FA7056736A}.Debug|Win32.ActiveCfg = Debug|Win32
		{0BE2D431-5142-4D38-AAFC-03FA7056736A}.Debug|Win32.Build.0 = Debug|Win32
		{0BE2D431-5142-4D38-AAFC-03FA7056736A}.Release_Manager|Win32.ActiveCfg = Release_Unicode|Win32
		{0BE2D431-5142-4D38-AAFC-03FA7056736A}.Release_Manager|Win32.Build.0 = Release_Unicode|Win32
		{0BE2D431-5142-4D38-AAFC-03FA7056736A}.Release_Unicode|Win32.ActiveCfg = Release_Unicode|Win32
		{0BE2D431-5142-4D38-AAFC-03FA7056736A}.Release_Unicode|Win32.Build.0 = Release_Unicode|Win32
		{0BE2D431-5142-4D38-AAFC-03FA7056736A}.Release|Win32.ActiveCfg = Release|Win32
		{0BE2D431-5142-4D38-AAFC-03FA7056736A}.Release|Win32.Build.0 = Release|Win32
		{0E5930E3-ABE8-4494-B99E-38E8F5CA31C6}.Debug_Unicode|Win32.ActiveCfg = Debug_Unicode|Win32
		{0E5930E3-ABE8-4494-B99E-38E8F5CA31C6}.Debug_Unicode|Win32.Build.0 = Debug_Unicode|Win32
		{0E5930E3-ABE8-4494-B99E-38E8F5CA31C6}.Debug|Win32.ActiveCfg = Debug|Win32
		{0E5930E3-ABE8-4494-B99E-38E8F5CA31C6}.Debug|Win32.Build.0 = Debug|Win32
		{0E5930E3-ABE8-4494-B99E-38E8F5CA31C6}.Release_Manager|Win32.ActiveCfg = Release_Unicode|Win32
		{0E5930E3-ABE8-4494-B99E-38E8F5CA31C6}.Release_Manager|Win32.Build.0 = Release_Unicode|Win32
		{0E5930E3-ABE8-4494-B99E-38E8F5CA31C6}.Release_Unicode|Win32.ActiveCfg = Release_Unicode|Win32
		{0E5930E3-ABE8-4494-B99E-38E8F5CA31C6}.Release_Unicode|Win32.Build.0 = Release_Unicode|Win32
		{0E5930E3-ABE8-4494-B99E-38E8F5CA31C6}.Release|Win32.ActiveCfg = Release|Win32
		{0E5930E3-ABE8-4494-B99E-38E8F5CA31C6}.Release|Win32.Build.0 = Release|Win32
		{21DBD9A5-EAE9-4F0E-86E5-46DF8B9370F6}.Debug_Unicode|Win32.ActiveCfg = Debug_Unicode|Win32
		{21DBD9A5-EAE9-4F0E-86E5-46DF8B9370F6}.Debug_Unicode|Win32.Build.0 = Debug_Unicode|Win32
		{21DBD9A5-EAE9-4F0E-86E5-46DF8B9370F6}.Debug|Win32.ActiveCfg = Debug|Win32
		{21DBD9A5-EAE9-4F0E-86E5-46DF8B9370F6}.Debug|Win32.Build.0 = Debug|Win32
		{21DBD9A5-EAE9-4F0E-86E5-46DF8B9370F6}.Release_Manager|Win32.ActiveCfg = Release_Unicode|Win32
		{21DBD9A5-EAE9-4F0E-86E5-46DF8B9370F6}.Release_Manager|Win32.Build.0 = Release_Unicode|Win32
		{21DBD9A5-EAE9-4F0E-86E5-46DF8B9370F6}.Release_Unicode|Win32.ActiveCfg = Release_Unicode|Win32
		{21DBD9A5-EAE9-4F0E-86E5-46DF8B9370F6}.Release_Unicode|Win32.Build.0 = Release_Unicode|Win32
		{21DBD9A5-EAE9-4F0E-86E5-46DF8B9370F6}.Release|Win32.ActiveCfg = Release|Win32
		{21DBD9A5-EAE9-4F0E-86E5-46DF8B9370F6}.Release|Win32.Build.0 = Release|Win32
		{C1850042-BA9F-4A3E-80E5-9D97D6B090F5}.Debug_Unicode|Win32.ActiveCfg = Debug_Unicode|Win32
		{C1850042-BA9F-4A3E-80E5-9D97D6B090F5}.Debug_Unicode|Win32.Build.0 = Debug_Unicode|Win32
		{C1850042-BA9F-4A3E-80E5-9D97D6B090F5}.Debug|Win32.ActiveCfg = Debug|Win32
		{C1850042-BA9F-4A3E-80E5-9D97D6B090F5}.Debug|Win32.Build.0 = Debug|Win32
		{C1850042-BA9F-4A3E-80E5-9D97D6B090F5}.Release_Manager|Win32.ActiveCfg = Release_Unicode|Win32
		{C1850042-BA9F-4A3E-80E5-9D97D6B090F5}.Release_Manager|Win32.Build.0 = Release_Unicode|Win32
		{C1850042-BA9F-4A3E-80E5-9D97D6B090F5}.Release_Unicode|Win32.ActiveCfg = Release_Unicode|Win32
		{C1850042-BA9F-4A3E-80E5-9D97D6B090F5}.Release_Unicode|Win32.Build.0 = Release_Unicode|Win32
		{C1850042-BA9F-4A3E-80E5-9D97D6B090F5}.Release|Win32.ActiveCfg = Release|Win32
		{C1850042-BA9F-4A3E-80E5-9D97D6B090F5}.Release|Win32.Build.0 = Release|Win32
		{3BF1FAA8-A109-42B3-9B83-C8E97510ADEB}.Debug_Unicode|Win32.ActiveCfg = Debug_Unicode|Win32
		{3BF1FAA8-A109-42B3-9B83-C8E97510ADEB}.Debug_Unicode|Win32.Build.0 = Debug_Unicode|Win32
		{3BF1FAA8-A109-42B3-9B83-C8E97510ADEB}.Debug|Win32.ActiveCfg = Debug|Win32
		{3BF1FAA8-A109-42B3-9B83-C8E97510ADEB}.Debug|Win32.Build.0 = Debug|Win32
		{3BF1FAA8-A109-42B3-9B83-C8E97510ADEB}.Release_Manager|Win32.ActiveCfg = Release_Unicode|Win32
		{3BF1FAA8-A109-42B3-9B83-C8E97510ADEB}.Release_Manager|Win32.Build.0 = Release_Unicode|Win32
		{3BF1FAA8-A109-42B3-9B83-C8E97510ADEB}.Release_Unicode|Win32.ActiveCfg = Release_Unicode|Win32
		{3BF1FAA8-A109-42B3-9B83-C8E97510ADEB}.Release_Unicode|Win32.Build.0 = Release_Unicode|Win32
		{3BF1FAA8-A109-42B3-9B83-C8E97510ADEB}.Release|Win32.ActiveCfg = Release|Win32
		{3BF1FAA8-A109-42B3-9B83-C8E97510ADEB}.Release|Win32.Build.0 = Release|Win32
		{76171C5F-01A0-4BE3-85FF-C49659D75DB1}.Debug_Unicode|Win32.ActiveCfg = Debug_Unicode|Win32
		{76171C5F-01A0-4BE3-85FF-C49659D75DB1}.Debug_Unicode|Win32.Build.0 = Debug_Unicode|Win32
		{76171C5F-01A0-4BE3-85FF-C49659D75DB1}.Debug|Win32.ActiveCfg = Debug|Win32
		{76171C5F-01A0-4BE3-85FF-C49659D75DB1}.Debug|Win32.Build.0 = Debug|Win32
		{76171C5F-01A0-4BE3-85FF-C49659D75DB1}.Release_Manager|Win32.ActiveCfg = Release_Unicode|Win32
		{76171C5F-01A0-4BE3-85FF-C49659D75DB1}.Release_Manager|Win32.Build.0 = Release_Unicode|Win32
		{76171C5F-01A0-4BE3-85FF-C49659D75DB1}.Release_Unicode|Win32.ActiveCfg = Release_Unicode|Win32
		{76171C5F-01A0-4BE3-85FF-C49659D75DB1}.Release_Unicode|Win32.Build.0 = Release_Unicode|Win32
		{76171C5F-01A0-4BE3-85FF-C49659D75DB1}.Release|Win32.ActiveCfg = Release|Win32
		{76171C5F-01A0-4BE3-85FF-C49659D75DB1}.Release|Win32.Build.0 = Release|Win32
		{6FDDAF09-4912-4D2C-B6B1-63C9B11EA659}.Debug_Unicode|Win32.ActiveCfg = Debug_Unicode|Win32
		{6FDDAF09-4912-4D2C-B6B1-63C9B11EA659}.Debug_Unicode|Win32.Build.0 = Debug_Unicode|Win32
		{6FDDAF09-4912-4D2C-B6B1-63C9B11EA659}.Debug|Win32.ActiveCfg = Debug|Win32
		{6FDDAF09-4912-4D2C-B6B1-63C9B11EA659}.Debug|Win32.Build.0 = Debug|Win32
		{6FDDAF09-4912-4D2C-B6B1-63C9B11EA659}.Release_Manager|Win32.ActiveCfg = Release_Unicode|Win32
		{6FDDAF09-4912-4D2C-B6B1-63C9B11EA659}.Release_Manager|Win32.Build.0 = Release_Unicode|Win32
		{6FDDAF09-4912-4D2C-B6B1-63C9B11EA659}.Release_Unicode|Win32.ActiveCfg = Release_Unicode|Win32
		{6FDDAF09-4912-4D2C-B6B1-63C9B11EA659}.Release_Unicode|Win32.Build.0 = Release_Unicode|Win32
		{6FDDAF09-4912-4D2C-B6B1-63C9B11EA659}.Release|Win32.ActiveCfg = Release|Win32
		{6FDDAF09-4912-4D2C-B6B1-63C9B11EA659}.Release|Win32.Build.0 = Release|Win32
		{295C6856-53E5-4286-980E-715787159547}.Debug_Unicode|Win32.ActiveCfg = Debug_Unicode|Win32
		{295C6856-53E5-4286-980E-715787159547}.Debug_Unicode|Win32.Build.0 = Debug_Unicode|Win32
		{295C6856-53E5-4286-980E-715787159547}.Debug|Win32.ActiveCfg = Debug|Win32
		{295C6856-53E5-4286-980E-715787159547}.Debug|Win32.Build.0 = Debug|Win32
		{295C6856-53E5-4286-980E-715787159547}.Release_Manager|Win32.ActiveCfg = Release_Unicode|Win32
		{295C6856-53E5-4286-980E-715787159547}.Release_Manager|Win32.Build.0 = Release_Unicode|Win32
		{295C6856-53E5-4286-980E-715787159547}.Release_Unicode|Win32.ActiveCfg = Release_Unicode|Win32
		{295C6856-53E5-4286-980E-715787159547}.Release_Unicode|Win32.Build.0 = Release_Unicode|Win32
		{295C6856-53E5-4286-980E-715787159547}.Release|Win32.ActiveCfg = Release|Win32
		{295C6856-53E5-4286-980E-715787159547}.Release|Win32.Build.0 = Release|Win32
		{0FE0AC9B-0328-4BDC-A59E-D8F2FCE222F2}.Debug_Unicode|Win32.ActiveCfg = Debug_Unicode|Win32
		{0FE0AC9B-0328-4BDC-A59E-D8F2FCE222F2}.Debug_Unicode|Win32.Build.0 = Debug_Unicode|Win32
		{0FE0AC9B-0328-4BDC-A59E-D8F2FCE222F2}.Debug|Win32.ActiveCfg = Debug|Win32
		{0FE0AC9B-0328-4BDC-A59E-D8F2FCE222F2}.Debug|Win32.Build.0 = Debug|Win32
		{0FE0AC9B-0328-4BDC-A59E-D8F2FCE222F2}.Release_Manager|Win32.ActiveCfg = Release_Unicode|Win32
		{0FE0AC9B-0328-4BDC-A59E-D8F2FCE222F2}.Release_Manager|Win32.Build.0 = Release_Unicode|Win32
		{0FE0AC9B-0328-4BDC-A59E-D8F2FCE222F2}.Release_Unicode|Win32.ActiveCfg = Release_Unicode|Win32
		{0FE0AC9B-0328-4BDC-A59E-D8F2FCE222F2}.Release_Unicode|Win32.Build.0 = Release_Unicode|Win32
		{0FE0AC9B-0328-4BDC-A59E-D8F2FCE222F2}.Release|Win32.ActiveCfg = Release|Win32
		{0FE0AC9B-0328-4BDC-A59E-D8F2FCE222F2}.Release|Win32.Build.0 = Release|Win32
		{B4766ADF-5AA6-4ADF-9354-4F889FFF028E}.Debug_Unicode|Win32.ActiveCfg = Debug_Unicode|Win32
		{B4766ADF-5AA6-4ADF-9354-4F889FFF028E}.Debug_Unicode|Win32.Build.0 = Debug_Unicode|Win32
		{B4766ADF-5AA6-4ADF-9354-4F889FFF028E}.Debug|Win32.ActiveCfg = Debug|Win32
		{B4766ADF-5AA6-4ADF-9354-4F889FFF028E}.Debug|Win32.Build.0 = Debug|Win32
		{B4766ADF-5AA6-4ADF-9354-4F889FFF028E}.Release_Manager|Win32.ActiveCfg = Release_Unicode|Win32
		{B4766ADF-5AA6-4ADF-9354-4F889FFF028E}.Release_Manager|Win32.Build.0 = Release_Unicode|Win32
		{B4766ADF-5AA6-4ADF-9354-4F889FFF028E}.Release_Unicode|Win32.ActiveCfg = Release_Unicode|Win32
		{B4766ADF-5AA6-4ADF-9354-4F889FFF028E}.Release_Unicode|Win32.Build.0 = Release_Unicode|Win32
		{B4766ADF-5AA6-4ADF-9354-4F889FFF028E}.Release|Win32.ActiveCfg = Release|Win32
		{B4766ADF-5AA6-4ADF-9354-4F889FFF028E}.Release|Win32.Build.0 = Release|Win32
		{60710DEB-8538-4CB6-8ABA-3A143E451C21}.Debug_Unicode|Win32.ActiveCfg = Debug_Unicode|Win32
		{60710DEB-8538-4CB6-8ABA-3A143E451C21}.Debug_Unicode|Win32.Build.0 = Debug_Unicode|Win32
		{60710DEB-8538-4CB6-8ABA-3A143E451C21}.Debug|Win32.ActiveCfg = Debug|Win32
		{60710DEB-8538-4CB6-8ABA-3A143E451C21}.Debug|Win32.Build.0 = Debug|Win32
		{60710DEB-8538-4CB6-8ABA-3A143E451C21}.Release_Manager|Win32.ActiveCfg = Release_Unicode|Win32
		{60710DEB-8538-4CB6-8ABA-3A143E451C21}.Release_Manager|Win32.Build.0 = Release_Unicode|Win32
		{60710DEB-8538-4CB6-8ABA-3A143E451C21}.Release_Unicode|Win32.ActiveCfg = Release_Unicode|Win32
		{60710DEB-8538-4CB6-8ABA-3A143E451C21}.Release_Unicode|Win32.Build.0 = Release_Unicode|Win32
		{60710DEB-8538-4CB6-8ABA-3A143E451C21}.Release|Win32.ActiveCfg = Release|Win32
		{60710DEB-8538-4CB6-8ABA-3A143E451C21}.Release|Win32.Build.0 = Release|Win32
	EndGlobalSection
	GlobalSection(SolutionProperties) = preSolution
		HideSolutionNode = FALSE
	EndGlobalSection
EndGlobal
